
Microsoft Visual Studio Solution File, Format Version 12.00
# Visual Studio Version 17
VisualStudioVersion = 17.5.33414.496
MinimumVisualStudioVersion = 10.0.40219.1
Project("{FAE04EC0-301F-11D3-BF4B-00C04F79EFBC}") = "DevInDevin", "DevInDevin\DevInDevin.csproj", "{BA103A2B-3282-40C8-B86C-18FB321A8901}"
EndProject
Global
	GlobalSection(SolutionConfigurationPlatforms) = preSolution
		Debug|Any CPU = Debug|Any CPU
		Release|Any CPU = Release|Any CPU
	EndGlobalSection
	GlobalSection(ProjectConfigurationPlatforms) = postSolution
		{BA103A2B-3282-40C8-B86C-18FB321A8901}.Debug|Any CPU.ActiveCfg = Debug|Any CPU
		{BA103A2B-3282-40C8-B86C-18FB321A8901}.Debug|Any CPU.Build.0 = Debug|Any CPU
		{BA103A2B-3282-40C8-B86C-18FB321A8901}.Release|Any CPU.ActiveCfg = Release|Any CPU
		{BA103A2B-3282-40C8-B86C-18FB321A8901}.Release|Any CPU.Build.0 = Release|Any CPU
	EndGlobalSection
	GlobalSection(SolutionProperties) = preSolution
		HideSolutionNode = FALSE
	EndGlobalSection
	GlobalSection(ExtensibilityGlobals) = postSolution
		SolutionGuid = {14BF596B-FB08-41CD-B00E-B906461E5597}
	EndGlobalSection
EndGlobal
