
Microsoft Visual Studio Solution File, Format Version 12.00
# Visual Studio Version 17
VisualStudioVersion = 17.7.34202.233
MinimumVisualStudioVersion = 10.0.40219.1
Project("{FAE04EC0-301F-11D3-BF4B-00C04F79EFBC}") = "ExercisesIteratorsAndComparators", "ExercisesIteratorsAndComparators\ExercisesIteratorsAndComparators.csproj", "{26805847-BCED-40D2-88F1-904FBBE587C7}"
EndProject
Global
	GlobalSection(SolutionConfigurationPlatforms) = preSolution
		Debug|Any CPU = Debug|Any CPU
		Release|Any CPU = Release|Any CPU
	EndGlobalSection
	GlobalSection(ProjectConfigurationPlatforms) = postSolution
		{26805847-BCED-40D2-88F1-904FBBE587C7}.Debug|Any CPU.ActiveCfg = Debug|Any CPU
		{26805847-BCED-40D2-88F1-904FBBE587C7}.Debug|Any CPU.Build.0 = Debug|Any CPU
		{26805847-BCED-40D2-88F1-904FBBE587C7}.Release|Any CPU.ActiveCfg = Release|Any CPU
		{26805847-BCED-40D2-88F1-904FBBE587C7}.Release|Any CPU.Build.0 = Release|Any CPU
	EndGlobalSection
	GlobalSection(SolutionProperties) = preSolution
		HideSolutionNode = FALSE
	EndGlobalSection
	GlobalSection(ExtensibilityGlobals) = postSolution
		SolutionGuid = {E4FF6764-4335-4210-AF5F-EAE3F5BDAE11}
	EndGlobalSection
EndGlobal
