
Microsoft Visual Studio Solution File, Format Version 12.00
# Visual Studio Version 17
VisualStudioVersion = 17.12.35527.113 d17.12
MinimumVisualStudioVersion = 10.0.40219.1
Project("{FAE04EC0-301F-11D3-BF4B-00C04F79EFBC}") = "FindIndex", "FindIndex\FindIndex.csproj", "{AA7E9744-0ADA-4FAA-A7B6-5E884D7D9903}"
EndProject
Project("{FAE04EC0-301F-11D3-BF4B-00C04F79EFBC}") = "SpecialVariations", "SpecialVariations\SpecialVariations.csproj", "{8FE303B0-76A0-4ECA-BB5A-31C7D32B897B}"
EndProject
Project("{FAE04EC0-301F-11D3-BF4B-00C04F79EFBC}") = "MatrixPath", "MatrixPath\MatrixPath.csproj", "{C08FD58D-3B7C-49E7-828B-A585A3384C7F}"
EndProject
Global
	GlobalSection(SolutionConfigurationPlatforms) = preSolution
		Debug|Any CPU = Debug|Any CPU
		Release|Any CPU = Release|Any CPU
	EndGlobalSection
	GlobalSection(ProjectConfigurationPlatforms) = postSolution
		{AA7E9744-0ADA-4FAA-A7B6-5E884D7D9903}.Debug|Any CPU.ActiveCfg = Debug|Any CPU
		{AA7E9744-0ADA-4FAA-A7B6-5E884D7D9903}.Debug|Any CPU.Build.0 = Debug|Any CPU
		{AA7E9744-0ADA-4FAA-A7B6-5E884D7D9903}.Release|Any CPU.ActiveCfg = Release|Any CPU
		{AA7E9744-0ADA-4FAA-A7B6-5E884D7D9903}.Release|Any CPU.Build.0 = Release|Any CPU
		{8FE303B0-76A0-4ECA-BB5A-31C7D32B897B}.Debug|Any CPU.ActiveCfg = Debug|Any CPU
		{8FE303B0-76A0-4ECA-BB5A-31C7D32B897B}.Debug|Any CPU.Build.0 = Debug|Any CPU
		{8FE303B0-76A0-4ECA-BB5A-31C7D32B897B}.Release|Any CPU.ActiveCfg = Release|Any CPU
		{8FE303B0-76A0-4ECA-BB5A-31C7D32B897B}.Release|Any CPU.Build.0 = Release|Any CPU
		{C08FD58D-3B7C-49E7-828B-A585A3384C7F}.Debug|Any CPU.ActiveCfg = Debug|Any CPU
		{C08FD58D-3B7C-49E7-828B-A585A3384C7F}.Debug|Any CPU.Build.0 = Debug|Any CPU
		{C08FD58D-3B7C-49E7-828B-A585A3384C7F}.Release|Any CPU.ActiveCfg = Release|Any CPU
		{C08FD58D-3B7C-49E7-828B-A585A3384C7F}.Release|Any CPU.Build.0 = Release|Any CPU
	EndGlobalSection
	GlobalSection(SolutionProperties) = preSolution
		HideSolutionNode = FALSE
	EndGlobalSection
EndGlobal
