
Microsoft Visual Studio Solution File, Format Version 12.00
# Visual Studio Version 17
VisualStudioVersion = 17.0.32112.339
MinimumVisualStudioVersion = 10.0.40219.1
Project("{FAE04EC0-301F-11D3-BF4B-00C04F79EFBC}") = "1. Employees", "1. Employees\1. Employees.csproj", "{B3AF9578-49BC-4D8F-9D90-0624CC54EA9C}"
EndProject
Project("{FAE04EC0-301F-11D3-BF4B-00C04F79EFBC}") = "2. Employee Statistic", "2. Employee Statistic\2. Employee Statistic.csproj", "{0A2E0660-2402-46B0-9D53-451687C1D6BB}"
EndProject
Global
	GlobalSection(SolutionConfigurationPlatforms) = preSolution
		Debug|Any CPU = Debug|Any CPU
		Release|Any CPU = Release|Any CPU
	EndGlobalSection
	GlobalSection(ProjectConfigurationPlatforms) = postSolution
		{B3AF9578-49BC-4D8F-9D90-0624CC54EA9C}.Debug|Any CPU.ActiveCfg = Debug|Any CPU
		{B3AF9578-49BC-4D8F-9D90-0624CC54EA9C}.Debug|Any CPU.Build.0 = Debug|Any CPU
		{B3AF9578-49BC-4D8F-9D90-0624CC54EA9C}.Release|Any CPU.ActiveCfg = Release|Any CPU
		{B3AF9578-49BC-4D8F-9D90-0624CC54EA9C}.Release|Any CPU.Build.0 = Release|Any CPU
		{0A2E0660-2402-46B0-9D53-451687C1D6BB}.Debug|Any CPU.ActiveCfg = Debug|Any CPU
		{0A2E0660-2402-46B0-9D53-451687C1D6BB}.Debug|Any CPU.Build.0 = Debug|Any CPU
		{0A2E0660-2402-46B0-9D53-451687C1D6BB}.Release|Any CPU.ActiveCfg = Release|Any CPU
		{0A2E0660-2402-46B0-9D53-451687C1D6BB}.Release|Any CPU.Build.0 = Release|Any CPU
	EndGlobalSection
	GlobalSection(SolutionProperties) = preSolution
		HideSolutionNode = FALSE
	EndGlobalSection
	GlobalSection(ExtensibilityGlobals) = postSolution
		SolutionGuid = {1AED82BF-4804-43A9-A987-1C2FC263E6E5}
	EndGlobalSection
EndGlobal
