
Microsoft Visual Studio Solution File, Format Version 12.00
# Visual Studio Version 17
VisualStudioVersion = 17.0.32112.339
MinimumVisualStudioVersion = 10.0.40219.1
Project("{FAE04EC0-301F-11D3-BF4B-00C04F79EFBC}") = "7. Read a string array on multiple lines with for-loop", "7. Read a string array on multiple lines with for-loop\7. Read a string array on multiple lines with for-loop.csproj", "{41A3481F-AC5B-4588-8B57-81C3524E9FA7}"
EndProject
Project("{FAE04EC0-301F-11D3-BF4B-00C04F79EFBC}") = "1. Define an empty string array with N elements", "1. Define an empty string array with N elements\1. Define an empty string array with N elements.csproj", "{5DA5E96F-2FDC-4A53-9F18-C4EDE85CBF2E}"
EndProject
Project("{FAE04EC0-301F-11D3-BF4B-00C04F79EFBC}") = "8. Read an integer array on multiple lines with for-loop", "8. Read an integer array on multiple lines with for-loop\8. Read an integer array on multiple lines with for-loop.csproj", "{B0C185CF-692F-4838-B71D-3460397DAD72}"
EndProject
Project("{FAE04EC0-301F-11D3-BF4B-00C04F79EFBC}") = "9. Read a string array on a single line with .Split()", "9. Read a string array on a single line with .Split()\9. Read a string array on a single line with .Split().csproj", "{3447545A-D537-4973-AE5F-A98D6B9C642D}"
EndProject
Project("{FAE04EC0-301F-11D3-BF4B-00C04F79EFBC}") = "10. Read an integer array on a single line", "10. Read an integer array on a single line\10. Read an integer array on a single line.csproj", "{51DC421D-CD28-4DC6-A761-02F09F2CD570}"
EndProject
Global
	GlobalSection(SolutionConfigurationPlatforms) = preSolution
		Debug|Any CPU = Debug|Any CPU
		Release|Any CPU = Release|Any CPU
	EndGlobalSection
	GlobalSection(ProjectConfigurationPlatforms) = postSolution
		{41A3481F-AC5B-4588-8B57-81C3524E9FA7}.Debug|Any CPU.ActiveCfg = Debug|Any CPU
		{41A3481F-AC5B-4588-8B57-81C3524E9FA7}.Debug|Any CPU.Build.0 = Debug|Any CPU
		{41A3481F-AC5B-4588-8B57-81C3524E9FA7}.Release|Any CPU.ActiveCfg = Release|Any CPU
		{41A3481F-AC5B-4588-8B57-81C3524E9FA7}.Release|Any CPU.Build.0 = Release|Any CPU
		{5DA5E96F-2FDC-4A53-9F18-C4EDE85CBF2E}.Debug|Any CPU.ActiveCfg = Debug|Any CPU
		{5DA5E96F-2FDC-4A53-9F18-C4EDE85CBF2E}.Debug|Any CPU.Build.0 = Debug|Any CPU
		{5DA5E96F-2FDC-4A53-9F18-C4EDE85CBF2E}.Release|Any CPU.ActiveCfg = Release|Any CPU
		{5DA5E96F-2FDC-4A53-9F18-C4EDE85CBF2E}.Release|Any CPU.Build.0 = Release|Any CPU
		{B0C185CF-692F-4838-B71D-3460397DAD72}.Debug|Any CPU.ActiveCfg = Debug|Any CPU
		{B0C185CF-692F-4838-B71D-3460397DAD72}.Debug|Any CPU.Build.0 = Debug|Any CPU
		{B0C185CF-692F-4838-B71D-3460397DAD72}.Release|Any CPU.ActiveCfg = Release|Any CPU
		{B0C185CF-692F-4838-B71D-3460397DAD72}.Release|Any CPU.Build.0 = Release|Any CPU
		{3447545A-D537-4973-AE5F-A98D6B9C642D}.Debug|Any CPU.ActiveCfg = Debug|Any CPU
		{3447545A-D537-4973-AE5F-A98D6B9C642D}.Debug|Any CPU.Build.0 = Debug|Any CPU
		{3447545A-D537-4973-AE5F-A98D6B9C642D}.Release|Any CPU.ActiveCfg = Release|Any CPU
		{3447545A-D537-4973-AE5F-A98D6B9C642D}.Release|Any CPU.Build.0 = Release|Any CPU
		{51DC421D-CD28-4DC6-A761-02F09F2CD570}.Debug|Any CPU.ActiveCfg = Debug|Any CPU
		{51DC421D-CD28-4DC6-A761-02F09F2CD570}.Debug|Any CPU.Build.0 = Debug|Any CPU
		{51DC421D-CD28-4DC6-A761-02F09F2CD570}.Release|Any CPU.ActiveCfg = Release|Any CPU
		{51DC421D-CD28-4DC6-A761-02F09F2CD570}.Release|Any CPU.Build.0 = Release|Any CPU
	EndGlobalSection
	GlobalSection(SolutionProperties) = preSolution
		HideSolutionNode = FALSE
	EndGlobalSection
	GlobalSection(ExtensibilityGlobals) = postSolution
		SolutionGuid = {7A8B0A36-A7CC-44D8-9DF6-08838AD9DBDB}
	EndGlobalSection
EndGlobal
