
Microsoft Visual Studio Solution File, Format Version 12.00
# Visual Studio Version 16
VisualStudioVersion = 16.0.30804.86
MinimumVisualStudioVersion = 10.0.40219.1
Project("{9A19103F-16F7-4668-BE54-9A1E7A4F7556}") = "SchoolDB", "SchoolDB\SchoolDB.csproj", "{B962716E-C3DA-4567-91A5-5F9EA5411980}"
EndProject
Global
	GlobalSection(SolutionConfigurationPlatforms) = preSolution
		Debug|Any CPU = Debug|Any CPU
		Release|Any CPU = Release|Any CPU
	EndGlobalSection
	GlobalSection(ProjectConfigurationPlatforms) = postSolution
		{B962716E-C3DA-4567-91A5-5F9EA5411980}.Debug|Any CPU.ActiveCfg = Debug|Any CPU
		{B962716E-C3DA-4567-91A5-5F9EA5411980}.Debug|Any CPU.Build.0 = Debug|Any CPU
		{B962716E-C3DA-4567-91A5-5F9EA5411980}.Release|Any CPU.ActiveCfg = Release|Any CPU
		{B962716E-C3DA-4567-91A5-5F9EA5411980}.Release|Any CPU.Build.0 = Release|Any CPU
	EndGlobalSection
	GlobalSection(SolutionProperties) = preSolution
		HideSolutionNode = FALSE
	EndGlobalSection
	GlobalSection(ExtensibilityGlobals) = postSolution
		SolutionGuid = {622B943E-0ADD-40AF-8D07-F5DC70F0D491}
	EndGlobalSection
EndGlobal
