
Microsoft Visual Studio Solution File, Format Version 12.00
# Visual Studio Version 17
VisualStudioVersion = 17.7.34202.233
MinimumVisualStudioVersion = 10.0.40219.1
Project("{FAE04EC0-301F-11D3-BF4B-00C04F79EFBC}") = "Dates", "Dates\Dates.csproj", "{D2CDE0B4-31E2-4B0B-BAF3-B4C29CD3074E}"
EndProject
Global
	GlobalSection(SolutionConfigurationPlatforms) = preSolution
		Debug|Any CPU = Debug|Any CPU
		Release|Any CPU = Release|Any CPU
	EndGlobalSection
	GlobalSection(ProjectConfigurationPlatforms) = postSolution
		{D2CDE0B4-31E2-4B0B-BAF3-B4C29CD3074E}.Debug|Any CPU.ActiveCfg = Debug|Any CPU
		{D2CDE0B4-31E2-4B0B-BAF3-B4C29CD3074E}.Debug|Any CPU.Build.0 = Debug|Any CPU
		{D2CDE0B4-31E2-4B0B-BAF3-B4C29CD3074E}.Release|Any CPU.ActiveCfg = Release|Any CPU
		{D2CDE0B4-31E2-4B0B-BAF3-B4C29CD3074E}.Release|Any CPU.Build.0 = Release|Any CPU
	EndGlobalSection
	GlobalSection(SolutionProperties) = preSolution
		HideSolutionNode = FALSE
	EndGlobalSection
	GlobalSection(ExtensibilityGlobals) = postSolution
		SolutionGuid = {754FEF75-A89E-42E3-9DD1-5CFB0FF391B4}
	EndGlobalSection
EndGlobal
