
Microsoft Visual Studio Solution File, Format Version 12.00
# Visual Studio Version 17
VisualStudioVersion = 17.7.34202.233
MinimumVisualStudioVersion = 10.0.40219.1
Project("{FAE04EC0-301F-11D3-BF4B-00C04F79EFBC}") = "LinkedList", "LinkedList\LinkedList.csproj", "{FE6567EA-657E-400A-A829-B35F0C6C30BD}"
EndProject
Global
	GlobalSection(SolutionConfigurationPlatforms) = preSolution
		Debug|Any CPU = Debug|Any CPU
		Release|Any CPU = Release|Any CPU
	EndGlobalSection
	GlobalSection(ProjectConfigurationPlatforms) = postSolution
		{FE6567EA-657E-400A-A829-B35F0C6C30BD}.Debug|Any CPU.ActiveCfg = Debug|Any CPU
		{FE6567EA-657E-400A-A829-B35F0C6C30BD}.Debug|Any CPU.Build.0 = Debug|Any CPU
		{FE6567EA-657E-400A-A829-B35F0C6C30BD}.Release|Any CPU.ActiveCfg = Release|Any CPU
		{FE6567EA-657E-400A-A829-B35F0C6C30BD}.Release|Any CPU.Build.0 = Release|Any CPU
	EndGlobalSection
	GlobalSection(SolutionProperties) = preSolution
		HideSolutionNode = FALSE
	EndGlobalSection
	GlobalSection(ExtensibilityGlobals) = postSolution
		SolutionGuid = {82A85154-D957-448E-9ED0-746C708C84F6}
	EndGlobalSection
EndGlobal
