
Microsoft Visual Studio Solution File, Format Version 12.00
# Visual Studio Version 17
VisualStudioVersion = 17.7.34202.233
MinimumVisualStudioVersion = 10.0.40219.1
Project("{9A19103F-16F7-4668-BE54-9A1E7A4F7556}") = "DefiningClasses", "DefiningClasses\DefiningClasses.csproj", "{7E080D51-AA5A-4960-970F-F6901DCAF5BF}"
EndProject
Project("{9A19103F-16F7-4668-BE54-9A1E7A4F7556}") = "DateModifier", "DateModifier\DateModifier.csproj", "{C713232D-E48A-44E8-8A42-5AC0FAF02F18}"
EndProject
Project("{9A19103F-16F7-4668-BE54-9A1E7A4F7556}") = "SpeedRacing", "SpeedRacing\SpeedRacing.csproj", "{DBC4F885-81A9-4675-8B6B-E6217CE4054C}"
EndProject
Project("{FAE04EC0-301F-11D3-BF4B-00C04F79EFBC}") = "RawData", "RawData\RawData.csproj", "{6922121E-BB4D-4560-BDEB-1A71B40F2B63}"
EndProject
Global
	GlobalSection(SolutionConfigurationPlatforms) = preSolution
		Debug|Any CPU = Debug|Any CPU
		Release|Any CPU = Release|Any CPU
	EndGlobalSection
	GlobalSection(ProjectConfigurationPlatforms) = postSolution
		{7E080D51-AA5A-4960-970F-F6901DCAF5BF}.Debug|Any CPU.ActiveCfg = Debug|Any CPU
		{7E080D51-AA5A-4960-970F-F6901DCAF5BF}.Debug|Any CPU.Build.0 = Debug|Any CPU
		{7E080D51-AA5A-4960-970F-F6901DCAF5BF}.Release|Any CPU.ActiveCfg = Release|Any CPU
		{7E080D51-AA5A-4960-970F-F6901DCAF5BF}.Release|Any CPU.Build.0 = Release|Any CPU
		{C713232D-E48A-44E8-8A42-5AC0FAF02F18}.Debug|Any CPU.ActiveCfg = Debug|Any CPU
		{C713232D-E48A-44E8-8A42-5AC0FAF02F18}.Debug|Any CPU.Build.0 = Debug|Any CPU
		{C713232D-E48A-44E8-8A42-5AC0FAF02F18}.Release|Any CPU.ActiveCfg = Release|Any CPU
		{C713232D-E48A-44E8-8A42-5AC0FAF02F18}.Release|Any CPU.Build.0 = Release|Any CPU
		{DBC4F885-81A9-4675-8B6B-E6217CE4054C}.Debug|Any CPU.ActiveCfg = Debug|Any CPU
		{DBC4F885-81A9-4675-8B6B-E6217CE4054C}.Debug|Any CPU.Build.0 = Debug|Any CPU
		{DBC4F885-81A9-4675-8B6B-E6217CE4054C}.Release|Any CPU.ActiveCfg = Release|Any CPU
		{DBC4F885-81A9-4675-8B6B-E6217CE4054C}.Release|Any CPU.Build.0 = Release|Any CPU
		{6922121E-BB4D-4560-BDEB-1A71B40F2B63}.Debug|Any CPU.ActiveCfg = Debug|Any CPU
		{6922121E-BB4D-4560-BDEB-1A71B40F2B63}.Debug|Any CPU.Build.0 = Debug|Any CPU
		{6922121E-BB4D-4560-BDEB-1A71B40F2B63}.Release|Any CPU.ActiveCfg = Release|Any CPU
		{6922121E-BB4D-4560-BDEB-1A71B40F2B63}.Release|Any CPU.Build.0 = Release|Any CPU
	EndGlobalSection
	GlobalSection(SolutionProperties) = preSolution
		HideSolutionNode = FALSE
	EndGlobalSection
	GlobalSection(ExtensibilityGlobals) = postSolution
		SolutionGuid = {D82497DB-F4CB-49E7-86E9-AA52DE98246F}
	EndGlobalSection
EndGlobal
