
Microsoft Visual Studio Solution File, Format Version 12.00
# Visual Studio Version 17
VisualStudioVersion = 17.0.32112.339
MinimumVisualStudioVersion = 10.0.40219.1
Project("{FAE04EC0-301F-11D3-BF4B-00C04F79EFBC}") = "1. Day of Week", "1. Day of Week\1. Day of Week.csproj", "{0ACE9F5E-EF27-4B81-AB79-DFBD5EF4B030}"
EndProject
Project("{FAE04EC0-301F-11D3-BF4B-00C04F79EFBC}") = "2. Print Numbers in Reverse Order", "2. Print Numbers in Reverse Order\2. Print Numbers in Reverse Order.csproj", "{FF17E233-BBC9-450C-80FD-DA6840A6E65C}"
EndProject
Project("{FAE04EC0-301F-11D3-BF4B-00C04F79EFBC}") = "3. Rounding Numbers", "ConsoleApp1\3. Rounding Numbers.csproj", "{2F562374-5E31-44D8-8475-5ED2DAC66953}"
EndProject
Global
	GlobalSection(SolutionConfigurationPlatforms) = preSolution
		Debug|Any CPU = Debug|Any CPU
		Release|Any CPU = Release|Any CPU
	EndGlobalSection
	GlobalSection(ProjectConfigurationPlatforms) = postSolution
		{0ACE9F5E-EF27-4B81-AB79-DFBD5EF4B030}.Debug|Any CPU.ActiveCfg = Debug|Any CPU
		{0ACE9F5E-EF27-4B81-AB79-DFBD5EF4B030}.Debug|Any CPU.Build.0 = Debug|Any CPU
		{0ACE9F5E-EF27-4B81-AB79-DFBD5EF4B030}.Release|Any CPU.ActiveCfg = Release|Any CPU
		{0ACE9F5E-EF27-4B81-AB79-DFBD5EF4B030}.Release|Any CPU.Build.0 = Release|Any CPU
		{FF17E233-BBC9-450C-80FD-DA6840A6E65C}.Debug|Any CPU.ActiveCfg = Debug|Any CPU
		{FF17E233-BBC9-450C-80FD-DA6840A6E65C}.Debug|Any CPU.Build.0 = Debug|Any CPU
		{FF17E233-BBC9-450C-80FD-DA6840A6E65C}.Release|Any CPU.ActiveCfg = Release|Any CPU
		{FF17E233-BBC9-450C-80FD-DA6840A6E65C}.Release|Any CPU.Build.0 = Release|Any CPU
		{2F562374-5E31-44D8-8475-5ED2DAC66953}.Debug|Any CPU.ActiveCfg = Debug|Any CPU
		{2F562374-5E31-44D8-8475-5ED2DAC66953}.Debug|Any CPU.Build.0 = Debug|Any CPU
		{2F562374-5E31-44D8-8475-5ED2DAC66953}.Release|Any CPU.ActiveCfg = Release|Any CPU
		{2F562374-5E31-44D8-8475-5ED2DAC66953}.Release|Any CPU.Build.0 = Release|Any CPU
	EndGlobalSection
	GlobalSection(SolutionProperties) = preSolution
		HideSolutionNode = FALSE
	EndGlobalSection
	GlobalSection(ExtensibilityGlobals) = postSolution
		SolutionGuid = {7F15D89C-8A8E-4B95-B02A-A6AD72759F25}
	EndGlobalSection
EndGlobal
