
Microsoft Visual Studio Solution File, Format Version 12.00
# Visual Studio Version 17
VisualStudioVersion = 17.0.32112.339
MinimumVisualStudioVersion = 10.0.40219.1
Project("{FAE04EC0-301F-11D3-BF4B-00C04F79EFBC}") = "1. Email-validator", "1. Email-validator\1. Email-validator.csproj", "{B16B3310-1024-4093-8A39-AF1EFE0F491C}"
EndProject
Global
	GlobalSection(SolutionConfigurationPlatforms) = preSolution
		Debug|Any CPU = Debug|Any CPU
		Release|Any CPU = Release|Any CPU
	EndGlobalSection
	GlobalSection(ProjectConfigurationPlatforms) = postSolution
		{B16B3310-1024-4093-8A39-AF1EFE0F491C}.Debug|Any CPU.ActiveCfg = Debug|Any CPU
		{B16B3310-1024-4093-8A39-AF1EFE0F491C}.Debug|Any CPU.Build.0 = Debug|Any CPU
		{B16B3310-1024-4093-8A39-AF1EFE0F491C}.Release|Any CPU.ActiveCfg = Release|Any CPU
		{B16B3310-1024-4093-8A39-AF1EFE0F491C}.Release|Any CPU.Build.0 = Release|Any CPU
	EndGlobalSection
	GlobalSection(SolutionProperties) = preSolution
		HideSolutionNode = FALSE
	EndGlobalSection
	GlobalSection(ExtensibilityGlobals) = postSolution
		SolutionGuid = {B5A91B62-6486-4695-830D-57C3B49F0119}
	EndGlobalSection
EndGlobal
