
Microsoft Visual Studio Solution File, Format Version 12.00
# Visual Studio Version 17
VisualStudioVersion = 17.0.32112.339
MinimumVisualStudioVersion = 10.0.40219.1
Project("{FAE04EC0-301F-11D3-BF4B-00C04F79EFBC}") = "1. Teams", "1. Teams\1. Teams.csproj", "{BE3E9FDD-5896-4889-BB46-7ADCCF1D7F3F}"
EndProject
Project("{FAE04EC0-301F-11D3-BF4B-00C04F79EFBC}") = "2. Value Seeker System", "2. Value Seeker System\2. Value Seeker System.csproj", "{E13A99F1-3F81-48AB-927F-34E65D92D3FF}"
EndProject
Project("{FAE04EC0-301F-11D3-BF4B-00C04F79EFBC}") = "3. Work Calendar", "3. Work Calendar\3. Work Calendar.csproj", "{4276C45F-939C-4C0E-8D1C-A68B4A9DD077}"
EndProject
Project("{FAE04EC0-301F-11D3-BF4B-00C04F79EFBC}") = "4. Movie Profit", "4. Movie Profit\4. Movie Profit.csproj", "{C5524E41-66C2-45F2-AFA2-37C8418E53E7}"
EndProject
Global
	GlobalSection(SolutionConfigurationPlatforms) = preSolution
		Debug|Any CPU = Debug|Any CPU
		Release|Any CPU = Release|Any CPU
	EndGlobalSection
	GlobalSection(ProjectConfigurationPlatforms) = postSolution
		{BE3E9FDD-5896-4889-BB46-7ADCCF1D7F3F}.Debug|Any CPU.ActiveCfg = Debug|Any CPU
		{BE3E9FDD-5896-4889-BB46-7ADCCF1D7F3F}.Debug|Any CPU.Build.0 = Debug|Any CPU
		{BE3E9FDD-5896-4889-BB46-7ADCCF1D7F3F}.Release|Any CPU.ActiveCfg = Release|Any CPU
		{BE3E9FDD-5896-4889-BB46-7ADCCF1D7F3F}.Release|Any CPU.Build.0 = Release|Any CPU
		{E13A99F1-3F81-48AB-927F-34E65D92D3FF}.Debug|Any CPU.ActiveCfg = Debug|Any CPU
		{E13A99F1-3F81-48AB-927F-34E65D92D3FF}.Debug|Any CPU.Build.0 = Debug|Any CPU
		{E13A99F1-3F81-48AB-927F-34E65D92D3FF}.Release|Any CPU.ActiveCfg = Release|Any CPU
		{E13A99F1-3F81-48AB-927F-34E65D92D3FF}.Release|Any CPU.Build.0 = Release|Any CPU
		{4276C45F-939C-4C0E-8D1C-A68B4A9DD077}.Debug|Any CPU.ActiveCfg = Debug|Any CPU
		{4276C45F-939C-4C0E-8D1C-A68B4A9DD077}.Debug|Any CPU.Build.0 = Debug|Any CPU
		{4276C45F-939C-4C0E-8D1C-A68B4A9DD077}.Release|Any CPU.ActiveCfg = Release|Any CPU
		{4276C45F-939C-4C0E-8D1C-A68B4A9DD077}.Release|Any CPU.Build.0 = Release|Any CPU
		{C5524E41-66C2-45F2-AFA2-37C8418E53E7}.Debug|Any CPU.ActiveCfg = Debug|Any CPU
		{C5524E41-66C2-45F2-AFA2-37C8418E53E7}.Debug|Any CPU.Build.0 = Debug|Any CPU
		{C5524E41-66C2-45F2-AFA2-37C8418E53E7}.Release|Any CPU.ActiveCfg = Release|Any CPU
		{C5524E41-66C2-45F2-AFA2-37C8418E53E7}.Release|Any CPU.Build.0 = Release|Any CPU
	EndGlobalSection
	GlobalSection(SolutionProperties) = preSolution
		HideSolutionNode = FALSE
	EndGlobalSection
	GlobalSection(ExtensibilityGlobals) = postSolution
		SolutionGuid = {543E4C7E-598E-4A2C-9674-899DF57C0E57}
	EndGlobalSection
EndGlobal
