
Microsoft Visual Studio Solution File, Format Version 12.00
# Visual Studio Version 17
VisualStudioVersion = 17.9.34728.123
MinimumVisualStudioVersion = 10.0.40219.1
Project("{FAE04EC0-301F-11D3-BF4B-00C04F79EFBC}") = "ComputerStore", "ComputerStore\ComputerStore.csproj", "{38FD60E7-52C1-48A1-A289-5D2D14606710}"
EndProject
Global
	GlobalSection(SolutionConfigurationPlatforms) = preSolution
		Debug|Any CPU = Debug|Any CPU
		Release|Any CPU = Release|Any CPU
	EndGlobalSection
	GlobalSection(ProjectConfigurationPlatforms) = postSolution
		{38FD60E7-52C1-48A1-A289-5D2D14606710}.Debug|Any CPU.ActiveCfg = Debug|Any CPU
		{38FD60E7-52C1-48A1-A289-5D2D14606710}.Debug|Any CPU.Build.0 = Debug|Any CPU
		{38FD60E7-52C1-48A1-A289-5D2D14606710}.Release|Any CPU.ActiveCfg = Release|Any CPU
		{38FD60E7-52C1-48A1-A289-5D2D14606710}.Release|Any CPU.Build.0 = Release|Any CPU
	EndGlobalSection
	GlobalSection(SolutionProperties) = preSolution
		HideSolutionNode = FALSE
	EndGlobalSection
	GlobalSection(ExtensibilityGlobals) = postSolution
		SolutionGuid = {45636C83-5046-4A48-AE84-01462148C0F9}
	EndGlobalSection
EndGlobal
